
Microsoft Visual Studio Solution File, Format Version 12.00
# Visual Studio Version 16
VisualStudioVersion = 16.0.30225.117
MinimumVisualStudioVersion = 10.0.40219.1
Project("{9A19103F-16F7-4668-BE54-9A1E7A4F7556}") = "Daoxian", "Daoxian\Daoxian.csproj", "{1235A5C6-597B-4CE0-A759-394AACA9C822}"
EndProject
Project("{FAE04EC0-301F-11D3-BF4B-00C04F79EFBC}") = "Levellib", "Levellib\Levellib.csproj", "{45A2B16D-384A-418A-ADA3-2271668A38BB}"
EndProject
Global
	GlobalSection(SolutionConfigurationPlatforms) = preSolution
		Debug|Any CPU = Debug|Any CPU
		Release|Any CPU = Release|Any CPU
	EndGlobalSection
	GlobalSection(ProjectConfigurationPlatforms) = postSolution
		{1235A5C6-597B-4CE0-A759-394AACA9C822}.Debug|Any CPU.ActiveCfg = Debug|Any CPU
		{1235A5C6-597B-4CE0-A759-394AACA9C822}.Debug|Any CPU.Build.0 = Debug|Any CPU
		{1235A5C6-597B-4CE0-A759-394AACA9C822}.Release|Any CPU.ActiveCfg = Release|Any CPU
		{1235A5C6-597B-4CE0-A759-394AACA9C822}.Release|Any CPU.Build.0 = Release|Any CPU
		{45A2B16D-384A-418A-ADA3-2271668A38BB}.Debug|Any CPU.ActiveCfg = Debug|Any CPU
		{45A2B16D-384A-418A-ADA3-2271668A38BB}.Debug|Any CPU.Build.0 = Debug|Any CPU
		{45A2B16D-384A-418A-ADA3-2271668A38BB}.Release|Any CPU.ActiveCfg = Release|Any CPU
		{45A2B16D-384A-418A-ADA3-2271668A38BB}.Release|Any CPU.Build.0 = Release|Any CPU
	EndGlobalSection
	GlobalSection(SolutionProperties) = preSolution
		HideSolutionNode = FALSE
	EndGlobalSection
	GlobalSection(ExtensibilityGlobals) = postSolution
		SolutionGuid = {ABA1A171-81E7-4508-A3A4-EA14681BCF7B}
	EndGlobalSection
EndGlobal
